# This file is automatically @generated by Cargo.
# It is not intended for manual editing.
version = 4

[[package]]
name = "deep-flatten"
version = "0.1.0"
source = "registry+https://github.com/rust-lang/crates.io-index"
checksum = "db4bdcd48222df72be17e2360bfd38ea4750e65e78fd465341b83b58f3b985d7"

[[package]]
name = "deep-flatten2"
version = "0.1.0"
dependencies = [
 "deep-flatten",
]
